// !$*UTF8*$!
{
	archiveVersion = 1;
	classes = {
	};
	objectVersion = 46;
	objects = {

/* Begin PBXBuildFile section */
		105ACF0419FCED3200FBCEC5 /* Bounce.cpp in Sources */ = {isa = PBXBuildFile; fileRef = 105ACF0319FCED3200FBCEC5 /* Bounce.cpp */; };
		105ACF0619FCED3D00FBCEC5 /* OpenGL.framework in Frameworks */ = {isa = PBXBuildFile; fileRef = 105ACF0519FCED3D00FBCEC5 /* OpenGL.framework */; };
		105ACF0819FCED4300FBCEC5 /* GLUT.framework in Frameworks */ = {isa = PBXBuildFile; fileRef = 105ACF0719FCED4300FBCEC5 /* GLUT.framework */; };
		105ACF0A19FCED5300FBCEC5 /* libGLTools.a in Frameworks */ = {isa = PBXBuildFile; fileRef = 105ACF0919FCED5300FBCEC5 /* libGLTools.a */; };
/* End PBXBuildFile section */

/* Begin PBXCopyFilesBuildPhase section */
		105ACEF719FCECFE00FBCEC5 /* CopyFiles */ = {
			isa = PBXCopyFilesBuildPhase;
			buildActionMask = 2147483647;
			dstPath = /usr/share/man/man1/;
			dstSubfolderSpec = 0;
			files = (
			);
			runOnlyForDeploymentPostprocessing = 1;
		};
/* End PBXCopyFilesBuildPhase section */

/* Begin PBXFileReference section */
		105ACEF919FCECFE00FBCEC5 /* Bounce */ = {isa = PBXFileReference; explicitFileType = "compiled.mach-o.executable"; includeInIndex = 0; path = Bounce; sourceTree = BUILT_PRODUCTS_DIR; };
		105ACF0319FCED3200FBCEC5 /* Bounce.cpp */ = {isa = PBXFileReference; fileEncoding = 4; lastKnownFileType = sourcecode.cpp.cpp; name = Bounce.cpp; path = ../../../src/Bounce.cpp; sourceTree = "<group>"; };
		105ACF0519FCED3D00FBCEC5 /* OpenGL.framework */ = {isa = PBXFileReference; lastKnownFileType = wrapper.framework; name = OpenGL.framework; path = System/Library/Frameworks/OpenGL.framework; sourceTree = SDKROOT; };
		105ACF0719FCED4300FBCEC5 /* GLUT.framework */ = {isa = PBXFileReference; lastKnownFileType = wrapper.framework; name = GLUT.framework; path = System/Library/Frameworks/GLUT.framework; sourceTree = SDKROOT; };
		105ACF0919FCED5300FBCEC5 /* libGLTools.a */ = {isa = PBXFileReference; lastKnownFileType = archive.ar; name = libGLTools.a; path = ../../../../extern/GLTools/library/mac/libGLTools.a; sourceTree = "<group>"; };
/* End PBXFileReference section */

/* Begin PBXFrameworksBuildPhase section */
		105ACEF619FCECFE00FBCEC5 /* Frameworks */ = {
			isa = PBXFrameworksBuildPhase;
			buildActionMask = 2147483647;
			files = (
				105ACF0A19FCED5300FBCEC5 /* libGLTools.a in Frameworks */,
				105ACF0819FCED4300FBCEC5 /* GLUT.framework in Frameworks */,
				105ACF0619FCED3D00FBCEC5 /* OpenGL.framework in Frameworks */,
			);
			runOnlyForDeploymentPostprocessing = 0;
		};
/* End PBXFrameworksBuildPhase section */

/* Begin PBXGroup section */
		105ACEF019FCECFE00FBCEC5 = {
			isa = PBXGroup;
			children = (
				105ACF0919FCED5300FBCEC5 /* libGLTools.a */,
				105ACF0719FCED4300FBCEC5 /* GLUT.framework */,
				105ACF0519FCED3D00FBCEC5 /* OpenGL.framework */,
				105ACEFB19FCECFE00FBCEC5 /* Bounce */,
				105ACEFA19FCECFE00FBCEC5 /* Products */,
			);
			sourceTree = "<group>";
		};
		105ACEFA19FCECFE00FBCEC5 /* Products */ = {
			isa = PBXGroup;
			children = (
				105ACEF919FCECFE00FBCEC5 /* Bounce */,
			);
			name = Products;
			sourceTree = "<group>";
		};
		105ACEFB19FCECFE00FBCEC5 /* Bounce */ = {
			isa = PBXGroup;
			children = (
				105ACF0319FCED3200FBCEC5 /* Bounce.cpp */,
			);
			path = Bounce;
			sourceTree = "<group>";
		};
/* End PBXGroup section */

/* Begin PBXNativeTarget section */
		105ACEF819FCECFE00FBCEC5 /* Bounce */ = {
			isa = PBXNativeTarget;
			buildConfigurationList = 105ACF0019FCECFE00FBCEC5 /* Build configuration list for PBXNativeTarget "Bounce" */;
			buildPhases = (
				105ACEF519FCECFE00FBCEC5 /* Sources */,
				105ACEF619FCECFE00FBCEC5 /* Frameworks */,
				105ACEF719FCECFE00FBCEC5 /* CopyFiles */,
			);
			buildRules = (
			);
			dependencies = (
			);
			name = Bounce;
			productName = Bounce;
			productReference = 105ACEF919FCECFE00FBCEC5 /* Bounce */;
			productType = "com.apple.product-type.tool";
		};
/* End PBXNativeTarget section */

/* Begin PBXProject section */
		105ACEF119FCECFE00FBCEC5 /* Project object */ = {
			isa = PBXProject;
			attributes = {
				LastUpgradeCheck = 0610;
				ORGANIZATIONNAME = "Ge Jian Feng";
				TargetAttributes = {
					105ACEF819FCECFE00FBCEC5 = {
						CreatedOnToolsVersion = 6.1;
					};
				};
			};
			buildConfigurationList = 105ACEF419FCECFE00FBCEC5 /* Build configuration list for PBXProject "Bounce" */;
			compatibilityVersion = "Xcode 3.2";
			developmentRegion = English;
			hasScannedForEncodings = 0;
			knownRegions = (
				en,
			);
			mainGroup = 105ACEF019FCECFE00FBCEC5;
			productRefGroup = 105ACEFA19FCECFE00FBCEC5 /* Products */;
			projectDirPath = "";
			projectRoot = "";
			targets = (
				105ACEF819FCECFE00FBCEC5 /* Bounce */,
			);
		};
/* End PBXProject section */

/* Begin PBXSourcesBuildPhase section */
		105ACEF519FCECFE00FBCEC5 /* Sources */ = {
			isa = PBXSourcesBuildPhase;
			buildActionMask = 2147483647;
			files = (
				105ACF0419FCED3200FBCEC5 /* Bounce.cpp in Sources */,
			);
			runOnlyForDeploymentPostprocessing = 0;
		};
/* End PBXSourcesBuildPhase section */

/* Begin XCBuildConfiguration section */
		105ACEFE19FCECFE00FBCEC5 /* Debug */ = {
			isa = XCBuildConfiguration;
			buildSettings = {
				ALWAYS_SEARCH_USER_PATHS = NO;
				CLANG_CXX_LANGUAGE_STANDARD = "gnu++0x";
				CLANG_CXX_LIBRARY = "libc++";
				CLANG_ENABLE_MODULES = YES;
				CLANG_ENABLE_OBJC_ARC = YES;
				CLANG_WARN_BOOL_CONVERSION = YES;
				CLANG_WARN_CONSTANT_CONVERSION = YES;
				CLANG_WARN_DIRECT_OBJC_ISA_USAGE = YES_ERROR;
				CLANG_WARN_EMPTY_BODY = YES;
				CLANG_WARN_ENUM_CONVERSION = YES;
				CLANG_WARN_INT_CONVERSION = YES;
				CLANG_WARN_OBJC_ROOT_CLASS = YES_ERROR;
				CLANG_WARN_UNREACHABLE_CODE = YES;
				CLANG_WARN__DUPLICATE_METHOD_MATCH = YES;
				COPY_PHASE_STRIP = NO;
				ENABLE_STRICT_OBJC_MSGSEND = YES;
				GCC_C_LANGUAGE_STANDARD = gnu99;
				GCC_DYNAMIC_NO_PIC = NO;
				GCC_OPTIMIZATION_LEVEL = 0;
				GCC_PREPROCESSOR_DEFINITIONS = (
					"DEBUG=1",
					"$(inherited)",
				);
				GCC_SYMBOLS_PRIVATE_EXTERN = NO;
				GCC_WARN_64_TO_32_BIT_CONVERSION = YES;
				GCC_WARN_ABOUT_RETURN_TYPE = YES_ERROR;
				GCC_WARN_UNDECLARED_SELECTOR = YES;
				GCC_WARN_UNINITIALIZED_AUTOS = YES_AGGRESSIVE;
				GCC_WARN_UNUSED_FUNCTION = YES;
				GCC_WARN_UNUSED_VARIABLE = YES;
				MACOSX_DEPLOYMENT_TARGET = 10.10;
				MTL_ENABLE_DEBUG_INFO = YES;
				ONLY_ACTIVE_ARCH = YES;
				SDKROOT = macosx;
			};
			name = Debug;
		};
		105ACEFF19FCECFE00FBCEC5 /* Release */ = {
			isa = XCBuildConfiguration;
			buildSettings = {
				ALWAYS_SEARCH_USER_PATHS = NO;
				CLANG_CXX_LANGUAGE_STANDARD = "gnu++0x";
				CLANG_CXX_LIBRARY = "libc++";
				CLANG_ENABLE_MODULES = YES;
				CLANG_ENABLE_OBJC_ARC = YES;
				CLANG_WARN_BOOL_CONVERSION = YES;
				CLANG_WARN_CONSTANT_CONVERSION = YES;
				CLANG_WARN_DIRECT_OBJC_ISA_USAGE = YES_ERROR;
				CLANG_WARN_EMPTY_BODY = YES;
				CLANG_WARN_ENUM_CONVERSION = YES;
				CLANG_WARN_INT_CONVERSION = YES;
				CLANG_WARN_OBJC_ROOT_CLASS = YES_ERROR;
				CLANG_WARN_UNREACHABLE_CODE = YES;
				CLANG_WARN__DUPLICATE_METHOD_MATCH = YES;
				COPY_PHASE_STRIP = YES;
				DEBUG_INFORMATION_FORMAT = "dwarf-with-dsym";
				ENABLE_NS_ASSERTIONS = NO;
				ENABLE_STRICT_OBJC_MSGSEND = YES;
				GCC_C_LANGUAGE_STANDARD = gnu99;
				GCC_WARN_64_TO_32_BIT_CONVERSION = YES;
				GCC_WARN_ABOUT_RETURN_TYPE = YES_ERROR;
				GCC_WARN_UNDECLARED_SELECTOR = YES;
				GCC_WARN_UNINITIALIZED_AUTOS = YES_AGGRESSIVE;
				GCC_WARN_UNUSED_FUNCTION = YES;
				GCC_WARN_UNUSED_VARIABLE = YES;
				MACOSX_DEPLOYMENT_TARGET = 10.10;
				MTL_ENABLE_DEBUG_INFO = NO;
				SDKROOT = macosx;
			};
			name = Release;
		};
		105ACF0119FCECFE00FBCEC5 /* Debug */ = {
			isa = XCBuildConfiguration;
			buildSettings = {
				GCC_PREPROCESSOR_DEFINITIONS = (
					"DEBUG=1",
					"$(inherited)",
					OS_MAC,
				);
				HEADER_SEARCH_PATHS = (
					"$(inherited)",
					/Applications/Xcode.app/Contents/Developer/Toolchains/XcodeDefault.xctoolchain/usr/include,
					"$(SRCROOT)/../../../../extern/GLTools/include",
				);
				LIBRARY_SEARCH_PATHS = (
					"$(inherited)",
					"$(SRCROOT)/../../../../extern/GLTools/library/mac",
				);
				PRODUCT_NAME = "$(TARGET_NAME)";
			};
			name = Debug;
		};
		105ACF0219FCECFE00FBCEC5 /* Release */ = {
			isa = XCBuildConfiguration;
			buildSettings = {
				GCC_PREPROCESSOR_DEFINITIONS = OS_MAC;
				HEADER_SEARCH_PATHS = (
					"$(inherited)",
					/Applications/Xcode.app/Contents/Developer/Toolchains/XcodeDefault.xctoolchain/usr/include,
					"$(SRCROOT)/../../../../extern/GLTools/include",
				);
				LIBRARY_SEARCH_PATHS = (
					"$(inherited)",
					"$(SRCROOT)/../../../../extern/GLTools/library/mac",
				);
				PRODUCT_NAME = "$(TARGET_NAME)";
			};
			name = Release;
		};
/* End XCBuildConfiguration section */

/* Begin XCConfigurationList section */
		105ACEF419FCECFE00FBCEC5 /* Build configuration list for PBXProject "Bounce" */ = {
			isa = XCConfigurationList;
			buildConfigurations = (
				105ACEFE19FCECFE00FBCEC5 /* Debug */,
				105ACEFF19FCECFE00FBCEC5 /* Release */,
			);
			defaultConfigurationIsVisible = 0;
			defaultConfigurationName = Release;
		};
		105ACF0019FCECFE00FBCEC5 /* Build configuration list for PBXNativeTarget "Bounce" */ = {
			isa = XCConfigurationList;
			buildConfigurations = (
				105ACF0119FCECFE00FBCEC5 /* Debug */,
				105ACF0219FCECFE00FBCEC5 /* Release */,
			);
			defaultConfigurationIsVisible = 0;
			defaultConfigurationName = Release;
		};
/* End XCConfigurationList section */
	};
	rootObject = 105ACEF119FCECFE00FBCEC5 /* Project object */;
}
